
Microsoft Visual Studio Solution File, Format Version 12.00
# Visual Studio Version 17
VisualStudioVersion = 17.12.35514.174 d17.12
MinimumVisualStudioVersion = 10.0.40219.1
Project("{FAE04EC0-301F-11D3-BF4B-00C04F79EFBC}") = "UserProfileSearch", "UserProfileSearch\UserProfileSearch.csproj", "{17ED318D-8C63-49D4-A4E3-D373E0AA5530}"
EndProject
Project("{FAE04EC0-301F-11D3-BF4B-00C04F79EFBC}") = "Entity", "Entity\Entity.csproj", "{C6BBFBB7-929A-45B4-AFED-1AEE2B23D70E}"
EndProject
Project("{FAE04EC0-301F-11D3-BF4B-00C04F79EFBC}") = "Service", "Service\Service.csproj", "{32A929FA-3997-4254-83B9-6A13CA1F3C5D}"
EndProject
Global
	GlobalSection(SolutionConfigurationPlatforms) = preSolution
		Debug|Any CPU = Debug|Any CPU
		Release|Any CPU = Release|Any CPU
	EndGlobalSection
	GlobalSection(ProjectConfigurationPlatforms) = postSolution
		{17ED318D-8C63-49D4-A4E3-D373E0AA5530}.Debug|Any CPU.ActiveCfg = Debug|Any CPU
		{17ED318D-8C63-49D4-A4E3-D373E0AA5530}.Debug|Any CPU.Build.0 = Debug|Any CPU
		{17ED318D-8C63-49D4-A4E3-D373E0AA5530}.Release|Any CPU.ActiveCfg = Release|Any CPU
		{17ED318D-8C63-49D4-A4E3-D373E0AA5530}.Release|Any CPU.Build.0 = Release|Any CPU
		{C6BBFBB7-929A-45B4-AFED-1AEE2B23D70E}.Debug|Any CPU.ActiveCfg = Debug|Any CPU
		{C6BBFBB7-929A-45B4-AFED-1AEE2B23D70E}.Debug|Any CPU.Build.0 = Debug|Any CPU
		{C6BBFBB7-929A-45B4-AFED-1AEE2B23D70E}.Release|Any CPU.ActiveCfg = Release|Any CPU
		{C6BBFBB7-929A-45B4-AFED-1AEE2B23D70E}.Release|Any CPU.Build.0 = Release|Any CPU
		{32A929FA-3997-4254-83B9-6A13CA1F3C5D}.Debug|Any CPU.ActiveCfg = Debug|Any CPU
		{32A929FA-3997-4254-83B9-6A13CA1F3C5D}.Debug|Any CPU.Build.0 = Debug|Any CPU
		{32A929FA-3997-4254-83B9-6A13CA1F3C5D}.Release|Any CPU.ActiveCfg = Release|Any CPU
		{32A929FA-3997-4254-83B9-6A13CA1F3C5D}.Release|Any CPU.Build.0 = Release|Any CPU
	EndGlobalSection
	GlobalSection(SolutionProperties) = preSolution
		HideSolutionNode = FALSE
	EndGlobalSection
EndGlobal
